
Microsoft Visual Studio Solution File, Format Version 12.00
# Visual Studio Version 16
VisualStudioVersion = 16.0.30114.105
MinimumVisualStudioVersion = 10.0.40219.1
Project("{FAE04EC0-301F-11D3-BF4B-00C04F79EFBC}") = "SpotlightGrabber", "SpotlightGrabber.csproj", "{4FB82FF4-E397-4A30-9C43-315CF57FDA51}"
EndProject
Global
	GlobalSection(SolutionConfigurationPlatforms) = preSolution
		Debug|Any CPU = Debug|Any CPU
		Release|Any CPU = Release|Any CPU
	EndGlobalSection
	GlobalSection(ProjectConfigurationPlatforms) = postSolution
		{4FB82FF4-E397-4A30-9C43-315CF57FDA51}.Debug|Any CPU.ActiveCfg = Debug|Any CPU
		{4FB82FF4-E397-4A30-9C43-315CF57FDA51}.Debug|Any CPU.Build.0 = Debug|Any CPU
		{4FB82FF4-E397-4A30-9C43-315CF57FDA51}.Release|Any CPU.ActiveCfg = Release|Any CPU
		{4FB82FF4-E397-4A30-9C43-315CF57FDA51}.Release|Any CPU.Build.0 = Release|Any CPU
	EndGlobalSection
	GlobalSection(SolutionProperties) = preSolution
		HideSolutionNode = FALSE
	EndGlobalSection
	GlobalSection(ExtensibilityGlobals) = postSolution
		SolutionGuid = {F8CA26C4-1215-44AB-97F1-06AA5532054A}
	EndGlobalSection
EndGlobal
